// !$*UTF8*$!
{
	archiveVersion = 1;
	classes = {
	};
	objectVersion = 56;
	objects = {

/* Begin PBXBuildFile section */
		951D6FAB2C93FC880043DFBB /* UserViewModel.swift in Sources */ = {isa = PBXBuildFile; fileRef = 951D6FAA2C93FC880043DFBB /* UserViewModel.swift */; };
		951D6FB02C93FD790043DFBB /* User.swift in Sources */ = {isa = PBXBuildFile; fileRef = 951D6FAF2C93FD790043DFBB /* User.swift */; };
		951D6FB22C93FE640043DFBB /* Account.swift in Sources */ = {isa = PBXBuildFile; fileRef = 951D6FB12C93FE640043DFBB /* Account.swift */; };
		951D6FB42C93FE6B0043DFBB /* CryptoAssets.swift in Sources */ = {isa = PBXBuildFile; fileRef = 951D6FB32C93FE6B0043DFBB /* CryptoAssets.swift */; };
		951D6FB62C940C800043DFBB /* PortfolioView.swift in Sources */ = {isa = PBXBuildFile; fileRef = 951D6FB52C940C800043DFBB /* PortfolioView.swift */; };
		95217F182C9C0F780070EFF4 /* CandleChartRepresentable.swift in Sources */ = {isa = PBXBuildFile; fileRef = 95217F172C9C0F780070EFF4 /* CandleChartRepresentable.swift */; };
		95217F1B2C9C0F920070EFF4 /* DGCharts in Frameworks */ = {isa = PBXBuildFile; productRef = 95217F1A2C9C0F920070EFF4 /* DGCharts */; };
		95217F1E2C9C2E300070EFF4 /* BarChartRepresentable.swift in Sources */ = {isa = PBXBuildFile; fileRef = 95217F1D2C9C2E300070EFF4 /* BarChartRepresentable.swift */; };
		952B4C082C953EFD00D33FA6 /* DonutSlice.swift in Sources */ = {isa = PBXBuildFile; fileRef = 952B4C072C953EFD00D33FA6 /* DonutSlice.swift */; };
		952B4C0A2C95527400D33FA6 /* UserInfo.swift in Sources */ = {isa = PBXBuildFile; fileRef = 952B4C092C95527400D33FA6 /* UserInfo.swift */; };
		952B4C0C2C95536900D33FA6 /* CryptoAssetDto.swift in Sources */ = {isa = PBXBuildFile; fileRef = 952B4C0B2C95536900D33FA6 /* CryptoAssetDto.swift */; };
		952E241B2C92C5DD00B8EAC1 /* SearchViewModel.swift in Sources */ = {isa = PBXBuildFile; fileRef = 952E241A2C92C5DD00B8EAC1 /* SearchViewModel.swift */; };
		952E241D2C92D56400B8EAC1 /* OrderViewModel.swift in Sources */ = {isa = PBXBuildFile; fileRef = 952E241C2C92D56400B8EAC1 /* OrderViewModel.swift */; };
		952E241F2C92D61E00B8EAC1 /* OrderSide.swift in Sources */ = {isa = PBXBuildFile; fileRef = 952E241E2C92D61E00B8EAC1 /* OrderSide.swift */; };
		952E24222C92D89200B8EAC1 /* RadioButton.swift in Sources */ = {isa = PBXBuildFile; fileRef = 952E24212C92D89200B8EAC1 /* RadioButton.swift */; };
		952E24242C92D91900B8EAC1 /* OrderDetailView.swift in Sources */ = {isa = PBXBuildFile; fileRef = 952E24232C92D91900B8EAC1 /* OrderDetailView.swift */; };
		952E24262C92DB3C00B8EAC1 /* OrderType.swift in Sources */ = {isa = PBXBuildFile; fileRef = 952E24252C92DB3C00B8EAC1 /* OrderType.swift */; };
		952E242A2C92DC4000B8EAC1 /* Double.swift in Sources */ = {isa = PBXBuildFile; fileRef = 952E24292C92DC4000B8EAC1 /* Double.swift */; };
		956EC9A72C8EDD3900165FC5 /* CandleViewModel.swift in Sources */ = {isa = PBXBuildFile; fileRef = 956EC9A62C8EDD3900165FC5 /* CandleViewModel.swift */; };
		956EC9A92C8EE38000165FC5 /* Candle.swift in Sources */ = {isa = PBXBuildFile; fileRef = 956EC9A82C8EE38000165FC5 /* Candle.swift */; };
		956EC9AB2C8EE47C00165FC5 /* CandleRequestDto.swift in Sources */ = {isa = PBXBuildFile; fileRef = 956EC9AA2C8EE47C00165FC5 /* CandleRequestDto.swift */; };
		956EC9AE2C8EE4AC00165FC5 /* CandleUnit.swift in Sources */ = {isa = PBXBuildFile; fileRef = 956EC9AD2C8EE4AC00165FC5 /* CandleUnit.swift */; };
		9577E3772C99A3CE006E6CDA /* TabButton.swift in Sources */ = {isa = PBXBuildFile; fileRef = 9577E3762C99A3CE006E6CDA /* TabButton.swift */; };
		9577E3792C99A5B8006E6CDA /* Const.swift in Sources */ = {isa = PBXBuildFile; fileRef = 9577E3782C99A5B8006E6CDA /* Const.swift */; };
		9577E37B2C99A67C006E6CDA /* ChartView.swift in Sources */ = {isa = PBXBuildFile; fileRef = 9577E37A2C99A67C006E6CDA /* ChartView.swift */; };
		9577E37D2C99A90C006E6CDA /* AssetListView.swift in Sources */ = {isa = PBXBuildFile; fileRef = 9577E37C2C99A90C006E6CDA /* AssetListView.swift */; };
		9577E37F2C99A928006E6CDA /* OrderListView.swift in Sources */ = {isa = PBXBuildFile; fileRef = 9577E37E2C99A928006E6CDA /* OrderListView.swift */; };
		9577E3852C99AAD5006E6CDA /* OrderInfo.swift in Sources */ = {isa = PBXBuildFile; fileRef = 9577E3842C99AAD5006E6CDA /* OrderInfo.swift */; };
		9586779D2C8D825B002C83F4 /* AskPriceView.swift in Sources */ = {isa = PBXBuildFile; fileRef = 9586779C2C8D825B002C83F4 /* AskPriceView.swift */; };
		9586779F2C8D9139002C83F4 /* WSClient.swift in Sources */ = {isa = PBXBuildFile; fileRef = 9586779E2C8D9139002C83F4 /* WSClient.swift */; };
		958677A22C8D9C6D002C83F4 /* Ticker.swift in Sources */ = {isa = PBXBuildFile; fileRef = 958677A12C8D9C6D002C83F4 /* Ticker.swift */; };
		958677A52C8D9D9A002C83F4 /* SortedArray.swift in Sources */ = {isa = PBXBuildFile; fileRef = 958677A42C8D9D9A002C83F4 /* SortedArray.swift */; };
		958677A72C8DAD8D002C83F4 /* CryptoDto.swift in Sources */ = {isa = PBXBuildFile; fileRef = 958677A62C8DAD8D002C83F4 /* CryptoDto.swift */; };
		95A62A822C97252E00941A34 /* WSEndpoint.swift in Sources */ = {isa = PBXBuildFile; fileRef = 95A62A812C97252E00941A34 /* WSEndpoint.swift */; };
		95ABB5CE2C9D3A0E00717C16 /* CenteredTextFieldCell.swift in Sources */ = {isa = PBXBuildFile; fileRef = 95ABB5CD2C9D3A0E00717C16 /* CenteredTextFieldCell.swift */; };
		95ABB5D22C9D41BD00717C16 /* MinuteXAxisFormatter.swift in Sources */ = {isa = PBXBuildFile; fileRef = 95ABB5D12C9D41BD00717C16 /* MinuteXAxisFormatter.swift */; };
		95ABB5D42C9D426000717C16 /* ChartMouseTraker.swift in Sources */ = {isa = PBXBuildFile; fileRef = 95ABB5D32C9D426000717C16 /* ChartMouseTraker.swift */; };
		95ABB5D62C9D483600717C16 /* MouseTrackingCandleStickChartView.swift in Sources */ = {isa = PBXBuildFile; fileRef = 95ABB5D52C9D483600717C16 /* MouseTrackingCandleStickChartView.swift */; };
		95ABB5D82C9D486400717C16 /* MouseTrackingBarChartView.swift in Sources */ = {isa = PBXBuildFile; fileRef = 95ABB5D72C9D486400717C16 /* MouseTrackingBarChartView.swift */; };
		95ABB5DA2C9D543A00717C16 /* View.swift in Sources */ = {isa = PBXBuildFile; fileRef = 95ABB5D92C9D543A00717C16 /* View.swift */; };
		95ABB5DD2C9EC24C00717C16 /* SwiftProtobuf in Frameworks */ = {isa = PBXBuildFile; productRef = 95ABB5DC2C9EC24C00717C16 /* SwiftProtobuf */; };
		95ABB5DF2C9EC24C00717C16 /* SwiftProtobufPluginLibrary in Frameworks */ = {isa = PBXBuildFile; productRef = 95ABB5DE2C9EC24C00717C16 /* SwiftProtobufPluginLibrary */; };
		95ABB5E12C9EC24C00717C16 /* protoc-gen-swift in Frameworks */ = {isa = PBXBuildFile; productRef = 95ABB5E02C9EC24C00717C16 /* protoc-gen-swift */; };
		95ABB5E72C9EE29E00717C16 /* DataModel.pb.swift in Sources */ = {isa = PBXBuildFile; fileRef = 95ABB5E62C9EE29E00717C16 /* DataModel.pb.swift */; };
		95BAED3E2CAD2D75009D3348 /* CandlesInfo.swift in Sources */ = {isa = PBXBuildFile; fileRef = 95BAED3D2CAD2D75009D3348 /* CandlesInfo.swift */; };
		95D308952C9596D000AB3F99 /* APIClient.swift in Sources */ = {isa = PBXBuildFile; fileRef = 95D308942C9596D000AB3F99 /* APIClient.swift */; };
		95D308972C95978A00AB3F99 /* APIEndpoint.swift in Sources */ = {isa = PBXBuildFile; fileRef = 95D308962C95978A00AB3F99 /* APIEndpoint.swift */; };
		95D308992C95B0DD00AB3F99 /* DoubleTextField.swift in Sources */ = {isa = PBXBuildFile; fileRef = 95D308982C95B0DD00AB3F99 /* DoubleTextField.swift */; };
		95D3089B2C95B36E00AB3F99 /* PriceStepperView.swift in Sources */ = {isa = PBXBuildFile; fileRef = 95D3089A2C95B36E00AB3F99 /* PriceStepperView.swift */; };
		95D3089D2C95B95800AB3F99 /* OrderCreateDto.swift in Sources */ = {isa = PBXBuildFile; fileRef = 95D3089C2C95B95800AB3F99 /* OrderCreateDto.swift */; };
		95DD18682C92A8FD0083F531 /* Comparable.swift in Sources */ = {isa = PBXBuildFile; fileRef = 95DD18672C92A8FD0083F531 /* Comparable.swift */; };
		95FDD0402C8C5534003F9FBF /* crypto_trader_macosApp.swift in Sources */ = {isa = PBXBuildFile; fileRef = 95FDD03F2C8C5534003F9FBF /* crypto_trader_macosApp.swift */; };
		95FDD0442C8C5535003F9FBF /* Assets.xcassets in Resources */ = {isa = PBXBuildFile; fileRef = 95FDD0432C8C5535003F9FBF /* Assets.xcassets */; };
		95FDD0472C8C5535003F9FBF /* Preview Assets.xcassets in Resources */ = {isa = PBXBuildFile; fileRef = 95FDD0462C8C5535003F9FBF /* Preview Assets.xcassets */; };
		95FDD0522C8C5535003F9FBF /* crypto_trader_macosTests.swift in Sources */ = {isa = PBXBuildFile; fileRef = 95FDD0512C8C5535003F9FBF /* crypto_trader_macosTests.swift */; };
		95FDD05C2C8C5535003F9FBF /* crypto_trader_macosUITests.swift in Sources */ = {isa = PBXBuildFile; fileRef = 95FDD05B2C8C5535003F9FBF /* crypto_trader_macosUITests.swift */; };
		95FDD05E2C8C5535003F9FBF /* crypto_trader_macosUITestsLaunchTests.swift in Sources */ = {isa = PBXBuildFile; fileRef = 95FDD05D2C8C5535003F9FBF /* crypto_trader_macosUITestsLaunchTests.swift */; };
		95FDD06D2C8C5801003F9FBF /* Crypto.swift in Sources */ = {isa = PBXBuildFile; fileRef = 95FDD06C2C8C5801003F9FBF /* Crypto.swift */; };
		95FDD0702C8C5834003F9FBF /* CryptoViewModel.swift in Sources */ = {isa = PBXBuildFile; fileRef = 95FDD06F2C8C5834003F9FBF /* CryptoViewModel.swift */; };
		95FDD0732C8C58B2003F9FBF /* TradingPriceView.swift in Sources */ = {isa = PBXBuildFile; fileRef = 95FDD0722C8C58B2003F9FBF /* TradingPriceView.swift */; };
		95FDD07A2C8C598B003F9FBF /* MainView.swift in Sources */ = {isa = PBXBuildFile; fileRef = 95FDD0792C8C598B003F9FBF /* MainView.swift */; };
		95FDD07C2C8C599D003F9FBF /* CryptoListView.swift in Sources */ = {isa = PBXBuildFile; fileRef = 95FDD07B2C8C599D003F9FBF /* CryptoListView.swift */; };
		95FDD07E2C8C69FC003F9FBF /* OrderView.swift in Sources */ = {isa = PBXBuildFile; fileRef = 95FDD07D2C8C69FC003F9FBF /* OrderView.swift */; };
		95FDD0812C8C8BEE003F9FBF /* Color.swift in Sources */ = {isa = PBXBuildFile; fileRef = 95FDD0802C8C8BEE003F9FBF /* Color.swift */; };
/* End PBXBuildFile section */

/* Begin PBXContainerItemProxy section */
		95FDD04E2C8C5535003F9FBF /* PBXContainerItemProxy */ = {
			isa = PBXContainerItemProxy;
			containerPortal = 95FDD0342C8C5534003F9FBF /* Project object */;
			proxyType = 1;
			remoteGlobalIDString = 95FDD03B2C8C5534003F9FBF;
			remoteInfo = "crypto-trader-macos";
		};
		95FDD0582C8C5535003F9FBF /* PBXContainerItemProxy */ = {
			isa = PBXContainerItemProxy;
			containerPortal = 95FDD0342C8C5534003F9FBF /* Project object */;
			proxyType = 1;
			remoteGlobalIDString = 95FDD03B2C8C5534003F9FBF;
			remoteInfo = "crypto-trader-macos";
		};
/* End PBXContainerItemProxy section */

/* Begin PBXFileReference section */
		951D6FAA2C93FC880043DFBB /* UserViewModel.swift */ = {isa = PBXFileReference; lastKnownFileType = sourcecode.swift; path = UserViewModel.swift; sourceTree = "<group>"; };
		951D6FAF2C93FD790043DFBB /* User.swift */ = {isa = PBXFileReference; lastKnownFileType = sourcecode.swift; path = User.swift; sourceTree = "<group>"; };
		951D6FB12C93FE640043DFBB /* Account.swift */ = {isa = PBXFileReference; lastKnownFileType = sourcecode.swift; path = Account.swift; sourceTree = "<group>"; };
		951D6FB32C93FE6B0043DFBB /* CryptoAssets.swift */ = {isa = PBXFileReference; lastKnownFileType = sourcecode.swift; path = CryptoAssets.swift; sourceTree = "<group>"; };
		951D6FB52C940C800043DFBB /* PortfolioView.swift */ = {isa = PBXFileReference; lastKnownFileType = sourcecode.swift; path = PortfolioView.swift; sourceTree = "<group>"; };
		95217F172C9C0F780070EFF4 /* CandleChartRepresentable.swift */ = {isa = PBXFileReference; lastKnownFileType = sourcecode.swift; path = CandleChartRepresentable.swift; sourceTree = "<group>"; };
		95217F1D2C9C2E300070EFF4 /* BarChartRepresentable.swift */ = {isa = PBXFileReference; lastKnownFileType = sourcecode.swift; path = BarChartRepresentable.swift; sourceTree = "<group>"; };
		952B4C072C953EFD00D33FA6 /* DonutSlice.swift */ = {isa = PBXFileReference; lastKnownFileType = sourcecode.swift; path = DonutSlice.swift; sourceTree = "<group>"; };
		952B4C092C95527400D33FA6 /* UserInfo.swift */ = {isa = PBXFileReference; lastKnownFileType = sourcecode.swift; path = UserInfo.swift; sourceTree = "<group>"; };
		952B4C0B2C95536900D33FA6 /* CryptoAssetDto.swift */ = {isa = PBXFileReference; lastKnownFileType = sourcecode.swift; path = CryptoAssetDto.swift; sourceTree = "<group>"; };
		952E241A2C92C5DD00B8EAC1 /* SearchViewModel.swift */ = {isa = PBXFileReference; lastKnownFileType = sourcecode.swift; path = SearchViewModel.swift; sourceTree = "<group>"; };
		952E241C2C92D56400B8EAC1 /* OrderViewModel.swift */ = {isa = PBXFileReference; lastKnownFileType = sourcecode.swift; path = OrderViewModel.swift; sourceTree = "<group>"; };
		952E241E2C92D61E00B8EAC1 /* OrderSide.swift */ = {isa = PBXFileReference; lastKnownFileType = sourcecode.swift; path = OrderSide.swift; sourceTree = "<group>"; };
		952E24212C92D89200B8EAC1 /* RadioButton.swift */ = {isa = PBXFileReference; lastKnownFileType = sourcecode.swift; path = RadioButton.swift; sourceTree = "<group>"; };
		952E24232C92D91900B8EAC1 /* OrderDetailView.swift */ = {isa = PBXFileReference; lastKnownFileType = sourcecode.swift; path = OrderDetailView.swift; sourceTree = "<group>"; };
		952E24252C92DB3C00B8EAC1 /* OrderType.swift */ = {isa = PBXFileReference; lastKnownFileType = sourcecode.swift; path = OrderType.swift; sourceTree = "<group>"; };
		952E24292C92DC4000B8EAC1 /* Double.swift */ = {isa = PBXFileReference; lastKnownFileType = sourcecode.swift; path = Double.swift; sourceTree = "<group>"; };
		956EC9A62C8EDD3900165FC5 /* CandleViewModel.swift */ = {isa = PBXFileReference; lastKnownFileType = sourcecode.swift; path = CandleViewModel.swift; sourceTree = "<group>"; };
		956EC9A82C8EE38000165FC5 /* Candle.swift */ = {isa = PBXFileReference; lastKnownFileType = sourcecode.swift; path = Candle.swift; sourceTree = "<group>"; };
		956EC9AA2C8EE47C00165FC5 /* CandleRequestDto.swift */ = {isa = PBXFileReference; lastKnownFileType = sourcecode.swift; path = CandleRequestDto.swift; sourceTree = "<group>"; };
		956EC9AD2C8EE4AC00165FC5 /* CandleUnit.swift */ = {isa = PBXFileReference; lastKnownFileType = sourcecode.swift; path = CandleUnit.swift; sourceTree = "<group>"; };
		9577E3762C99A3CE006E6CDA /* TabButton.swift */ = {isa = PBXFileReference; lastKnownFileType = sourcecode.swift; path = TabButton.swift; sourceTree = "<group>"; };
		9577E3782C99A5B8006E6CDA /* Const.swift */ = {isa = PBXFileReference; lastKnownFileType = sourcecode.swift; path = Const.swift; sourceTree = "<group>"; };
		9577E37A2C99A67C006E6CDA /* ChartView.swift */ = {isa = PBXFileReference; lastKnownFileType = sourcecode.swift; path = ChartView.swift; sourceTree = "<group>"; };
		9577E37C2C99A90C006E6CDA /* AssetListView.swift */ = {isa = PBXFileReference; lastKnownFileType = sourcecode.swift; path = AssetListView.swift; sourceTree = "<group>"; };
		9577E37E2C99A928006E6CDA /* OrderListView.swift */ = {isa = PBXFileReference; lastKnownFileType = sourcecode.swift; path = OrderListView.swift; sourceTree = "<group>"; };
		9577E3842C99AAD5006E6CDA /* OrderInfo.swift */ = {isa = PBXFileReference; lastKnownFileType = sourcecode.swift; path = OrderInfo.swift; sourceTree = "<group>"; };
		9586779C2C8D825B002C83F4 /* AskPriceView.swift */ = {isa = PBXFileReference; lastKnownFileType = sourcecode.swift; path = AskPriceView.swift; sourceTree = "<group>"; };
		9586779E2C8D9139002C83F4 /* WSClient.swift */ = {isa = PBXFileReference; lastKnownFileType = sourcecode.swift; path = WSClient.swift; sourceTree = "<group>"; };
		958677A02C8D9538002C83F4 /* crypto-trader-macos-Info.plist */ = {isa = PBXFileReference; lastKnownFileType = text.plist; path = "crypto-trader-macos-Info.plist"; sourceTree = "<group>"; };
		958677A12C8D9C6D002C83F4 /* Ticker.swift */ = {isa = PBXFileReference; lastKnownFileType = sourcecode.swift; path = Ticker.swift; sourceTree = "<group>"; };
		958677A42C8D9D9A002C83F4 /* SortedArray.swift */ = {isa = PBXFileReference; lastKnownFileType = sourcecode.swift; path = SortedArray.swift; sourceTree = "<group>"; };
		958677A62C8DAD8D002C83F4 /* CryptoDto.swift */ = {isa = PBXFileReference; lastKnownFileType = sourcecode.swift; path = CryptoDto.swift; sourceTree = "<group>"; };
		95A62A812C97252E00941A34 /* WSEndpoint.swift */ = {isa = PBXFileReference; lastKnownFileType = sourcecode.swift; path = WSEndpoint.swift; sourceTree = "<group>"; };
		95ABB5CD2C9D3A0E00717C16 /* CenteredTextFieldCell.swift */ = {isa = PBXFileReference; lastKnownFileType = sourcecode.swift; path = CenteredTextFieldCell.swift; sourceTree = "<group>"; };
		95ABB5D12C9D41BD00717C16 /* MinuteXAxisFormatter.swift */ = {isa = PBXFileReference; lastKnownFileType = sourcecode.swift; path = MinuteXAxisFormatter.swift; sourceTree = "<group>"; };
		95ABB5D32C9D426000717C16 /* ChartMouseTraker.swift */ = {isa = PBXFileReference; lastKnownFileType = sourcecode.swift; path = ChartMouseTraker.swift; sourceTree = "<group>"; };
		95ABB5D52C9D483600717C16 /* MouseTrackingCandleStickChartView.swift */ = {isa = PBXFileReference; lastKnownFileType = sourcecode.swift; path = MouseTrackingCandleStickChartView.swift; sourceTree = "<group>"; };
		95ABB5D72C9D486400717C16 /* MouseTrackingBarChartView.swift */ = {isa = PBXFileReference; lastKnownFileType = sourcecode.swift; path = MouseTrackingBarChartView.swift; sourceTree = "<group>"; };
		95ABB5D92C9D543A00717C16 /* View.swift */ = {isa = PBXFileReference; lastKnownFileType = sourcecode.swift; path = View.swift; sourceTree = "<group>"; };
		95ABB5E62C9EE29E00717C16 /* DataModel.pb.swift */ = {isa = PBXFileReference; fileEncoding = 4; lastKnownFileType = sourcecode.swift; name = DataModel.pb.swift; path = Sources/Model/DataModel.pb.swift; sourceTree = SOURCE_ROOT; };
		95BAED3D2CAD2D75009D3348 /* CandlesInfo.swift */ = {isa = PBXFileReference; lastKnownFileType = sourcecode.swift; path = CandlesInfo.swift; sourceTree = "<group>"; };
		95D308942C9596D000AB3F99 /* APIClient.swift */ = {isa = PBXFileReference; lastKnownFileType = sourcecode.swift; path = APIClient.swift; sourceTree = "<group>"; };
		95D308962C95978A00AB3F99 /* APIEndpoint.swift */ = {isa = PBXFileReference; lastKnownFileType = sourcecode.swift; path = APIEndpoint.swift; sourceTree = "<group>"; };
		95D308982C95B0DD00AB3F99 /* DoubleTextField.swift */ = {isa = PBXFileReference; lastKnownFileType = sourcecode.swift; path = DoubleTextField.swift; sourceTree = "<group>"; };
		95D3089A2C95B36E00AB3F99 /* PriceStepperView.swift */ = {isa = PBXFileReference; lastKnownFileType = sourcecode.swift; path = PriceStepperView.swift; sourceTree = "<group>"; };
		95D3089C2C95B95800AB3F99 /* OrderCreateDto.swift */ = {isa = PBXFileReference; lastKnownFileType = sourcecode.swift; path = OrderCreateDto.swift; sourceTree = "<group>"; };
		95DD18672C92A8FD0083F531 /* Comparable.swift */ = {isa = PBXFileReference; lastKnownFileType = sourcecode.swift; path = Comparable.swift; sourceTree = "<group>"; };
		95FDD03C2C8C5534003F9FBF /* crypto-trader-macos.app */ = {isa = PBXFileReference; explicitFileType = wrapper.application; includeInIndex = 0; path = "crypto-trader-macos.app"; sourceTree = BUILT_PRODUCTS_DIR; };
		95FDD03F2C8C5534003F9FBF /* crypto_trader_macosApp.swift */ = {isa = PBXFileReference; lastKnownFileType = sourcecode.swift; path = crypto_trader_macosApp.swift; sourceTree = "<group>"; };
		95FDD0432C8C5535003F9FBF /* Assets.xcassets */ = {isa = PBXFileReference; lastKnownFileType = folder.assetcatalog; path = Assets.xcassets; sourceTree = "<group>"; };
		95FDD0462C8C5535003F9FBF /* Preview Assets.xcassets */ = {isa = PBXFileReference; lastKnownFileType = folder.assetcatalog; path = "Preview Assets.xcassets"; sourceTree = "<group>"; };
		95FDD0482C8C5535003F9FBF /* crypto_trader_macos.entitlements */ = {isa = PBXFileReference; lastKnownFileType = text.plist.entitlements; path = crypto_trader_macos.entitlements; sourceTree = "<group>"; };
		95FDD04D2C8C5535003F9FBF /* crypto-trader-macosTests.xctest */ = {isa = PBXFileReference; explicitFileType = wrapper.cfbundle; includeInIndex = 0; path = "crypto-trader-macosTests.xctest"; sourceTree = BUILT_PRODUCTS_DIR; };
		95FDD0512C8C5535003F9FBF /* crypto_trader_macosTests.swift */ = {isa = PBXFileReference; lastKnownFileType = sourcecode.swift; path = crypto_trader_macosTests.swift; sourceTree = "<group>"; };
		95FDD0572C8C5535003F9FBF /* crypto-trader-macosUITests.xctest */ = {isa = PBXFileReference; explicitFileType = wrapper.cfbundle; includeInIndex = 0; path = "crypto-trader-macosUITests.xctest"; sourceTree = BUILT_PRODUCTS_DIR; };
		95FDD05B2C8C5535003F9FBF /* crypto_trader_macosUITests.swift */ = {isa = PBXFileReference; lastKnownFileType = sourcecode.swift; path = crypto_trader_macosUITests.swift; sourceTree = "<group>"; };
		95FDD05D2C8C5535003F9FBF /* crypto_trader_macosUITestsLaunchTests.swift */ = {isa = PBXFileReference; lastKnownFileType = sourcecode.swift; path = crypto_trader_macosUITestsLaunchTests.swift; sourceTree = "<group>"; };
		95FDD06C2C8C5801003F9FBF /* Crypto.swift */ = {isa = PBXFileReference; lastKnownFileType = sourcecode.swift; path = Crypto.swift; sourceTree = "<group>"; };
		95FDD06F2C8C5834003F9FBF /* CryptoViewModel.swift */ = {isa = PBXFileReference; lastKnownFileType = sourcecode.swift; path = CryptoViewModel.swift; sourceTree = "<group>"; };
		95FDD0722C8C58B2003F9FBF /* TradingPriceView.swift */ = {isa = PBXFileReference; lastKnownFileType = sourcecode.swift; path = TradingPriceView.swift; sourceTree = "<group>"; };
		95FDD0792C8C598B003F9FBF /* MainView.swift */ = {isa = PBXFileReference; lastKnownFileType = sourcecode.swift; path = MainView.swift; sourceTree = "<group>"; };
		95FDD07B2C8C599D003F9FBF /* CryptoListView.swift */ = {isa = PBXFileReference; lastKnownFileType = sourcecode.swift; path = CryptoListView.swift; sourceTree = "<group>"; };
		95FDD07D2C8C69FC003F9FBF /* OrderView.swift */ = {isa = PBXFileReference; lastKnownFileType = sourcecode.swift; path = OrderView.swift; sourceTree = "<group>"; };
		95FDD0802C8C8BEE003F9FBF /* Color.swift */ = {isa = PBXFileReference; lastKnownFileType = sourcecode.swift; path = Color.swift; sourceTree = "<group>"; };
/* End PBXFileReference section */

/* Begin PBXFrameworksBuildPhase section */
		95FDD0392C8C5534003F9FBF /* Frameworks */ = {
			isa = PBXFrameworksBuildPhase;
			buildActionMask = 2147483647;
			files = (
				95ABB5E12C9EC24C00717C16 /* protoc-gen-swift in Frameworks */,
				95ABB5DF2C9EC24C00717C16 /* SwiftProtobufPluginLibrary in Frameworks */,
				95217F1B2C9C0F920070EFF4 /* DGCharts in Frameworks */,
				95ABB5DD2C9EC24C00717C16 /* SwiftProtobuf in Frameworks */,
			);
			runOnlyForDeploymentPostprocessing = 0;
		};
		95FDD04A2C8C5535003F9FBF /* Frameworks */ = {
			isa = PBXFrameworksBuildPhase;
			buildActionMask = 2147483647;
			files = (
			);
			runOnlyForDeploymentPostprocessing = 0;
		};
		95FDD0542C8C5535003F9FBF /* Frameworks */ = {
			isa = PBXFrameworksBuildPhase;
			buildActionMask = 2147483647;
			files = (
			);
			runOnlyForDeploymentPostprocessing = 0;
		};
/* End PBXFrameworksBuildPhase section */

/* Begin PBXGroup section */
		951D6FAE2C93FD580043DFBB /* Dto */ = {
			isa = PBXGroup;
			children = (
				956EC9AA2C8EE47C00165FC5 /* CandleRequestDto.swift */,
				952B4C0B2C95536900D33FA6 /* CryptoAssetDto.swift */,
				958677A62C8DAD8D002C83F4 /* CryptoDto.swift */,
				95D3089C2C95B95800AB3F99 /* OrderCreateDto.swift */,
				952B4C092C95527400D33FA6 /* UserInfo.swift */,
				95BAED3D2CAD2D75009D3348 /* CandlesInfo.swift */,
			);
			path = Dto;
			sourceTree = "<group>";
		};
		95217F1C2C9C2E110070EFF4 /* Chart */ = {
			isa = PBXGroup;
			children = (
				95217F1D2C9C2E300070EFF4 /* BarChartRepresentable.swift */,
				95217F172C9C0F780070EFF4 /* CandleChartRepresentable.swift */,
				95ABB5D32C9D426000717C16 /* ChartMouseTraker.swift */,
				95ABB5D12C9D41BD00717C16 /* MinuteXAxisFormatter.swift */,
				95ABB5D72C9D486400717C16 /* MouseTrackingBarChartView.swift */,
				95ABB5D52C9D483600717C16 /* MouseTrackingCandleStickChartView.swift */,
			);
			path = Chart;
			sourceTree = "<group>";
		};
		952E24202C92D88200B8EAC1 /* Component */ = {
			isa = PBXGroup;
			children = (
				95ABB5CD2C9D3A0E00717C16 /* CenteredTextFieldCell.swift */,
				952B4C072C953EFD00D33FA6 /* DonutSlice.swift */,
				95D308982C95B0DD00AB3F99 /* DoubleTextField.swift */,
				952E24212C92D89200B8EAC1 /* RadioButton.swift */,
				9577E3762C99A3CE006E6CDA /* TabButton.swift */,
			);
			path = Component;
			sourceTree = "<group>";
		};
		956EC9AC2C8EE4A100165FC5 /* Enums */ = {
			isa = PBXGroup;
			children = (
				956EC9AD2C8EE4AC00165FC5 /* CandleUnit.swift */,
				952E241E2C92D61E00B8EAC1 /* OrderSide.swift */,
				952E24252C92DB3C00B8EAC1 /* OrderType.swift */,
			);
			path = Enums;
			sourceTree = "<group>";
		};
		9577E3802C99AA33006E6CDA /* Portfolio */ = {
			isa = PBXGroup;
			children = (
				9577E37C2C99A90C006E6CDA /* AssetListView.swift */,
				9577E37E2C99A928006E6CDA /* OrderListView.swift */,
				951D6FB52C940C800043DFBB /* PortfolioView.swift */,
			);
			path = Portfolio;
			sourceTree = "<group>";
		};
		9577E3812C99AA52006E6CDA /* Trading */ = {
			isa = PBXGroup;
			children = (
				9586779C2C8D825B002C83F4 /* AskPriceView.swift */,
				9577E37A2C99A67C006E6CDA /* ChartView.swift */,
				95FDD07B2C8C599D003F9FBF /* CryptoListView.swift */,
				95FDD0792C8C598B003F9FBF /* MainView.swift */,
				952E24232C92D91900B8EAC1 /* OrderDetailView.swift */,
				95FDD07D2C8C69FC003F9FBF /* OrderView.swift */,
				95D3089A2C95B36E00AB3F99 /* PriceStepperView.swift */,
				95FDD0722C8C58B2003F9FBF /* TradingPriceView.swift */,
			);
			path = Trading;
			sourceTree = "<group>";
		};
		958677A32C8D9D8B002C83F4 /* Share */ = {
			isa = PBXGroup;
			children = (
				9577E3782C99A5B8006E6CDA /* Const.swift */,
				958677A42C8D9D9A002C83F4 /* SortedArray.swift */,
			);
			path = Share;
			sourceTree = "<group>";
		};
		95D308932C9596B600AB3F99 /* Network */ = {
			isa = PBXGroup;
			children = (
				95D308942C9596D000AB3F99 /* APIClient.swift */,
				95D308962C95978A00AB3F99 /* APIEndpoint.swift */,
				9586779E2C8D9139002C83F4 /* WSClient.swift */,
				95A62A812C97252E00941A34 /* WSEndpoint.swift */,
			);
			path = Network;
			sourceTree = "<group>";
		};
		95FDD0332C8C5534003F9FBF = {
			isa = PBXGroup;
			children = (
				958677A02C8D9538002C83F4 /* crypto-trader-macos-Info.plist */,
				95FDD0502C8C5535003F9FBF /* crypto-trader-macosTests */,
				95FDD05A2C8C5535003F9FBF /* crypto-trader-macosUITests */,
				95FDD03D2C8C5534003F9FBF /* Products */,
				95FDD06A2C8C5690003F9FBF /* Resources */,
				95FDD03E2C8C5534003F9FBF /* Sources */,
			);
			sourceTree = "<group>";
		};
		95FDD03D2C8C5534003F9FBF /* Products */ = {
			isa = PBXGroup;
			children = (
				95FDD03C2C8C5534003F9FBF /* crypto-trader-macos.app */,
				95FDD04D2C8C5535003F9FBF /* crypto-trader-macosTests.xctest */,
				95FDD0572C8C5535003F9FBF /* crypto-trader-macosUITests.xctest */,
			);
			name = Products;
			sourceTree = "<group>";
		};
		95FDD03E2C8C5534003F9FBF /* Sources */ = {
			isa = PBXGroup;
			children = (
				95FDD03F2C8C5534003F9FBF /* crypto_trader_macosApp.swift */,
				95D308932C9596B600AB3F99 /* Network */,
				951D6FAE2C93FD580043DFBB /* Dto */,
				956EC9AC2C8EE4A100165FC5 /* Enums */,
				95FDD07F2C8C8BE4003F9FBF /* Extensions */,
				95FDD06B2C8C57EE003F9FBF /* Model */,
				95FDD0452C8C5535003F9FBF /* Preview Content */,
				958677A32C8D9D8B002C83F4 /* Share */,
				95FDD06E2C8C5820003F9FBF /* ViewModel */,
				95FDD0712C8C58A2003F9FBF /* Views */,
			);
			path = Sources;
			sourceTree = "<group>";
		};
		95FDD0452C8C5535003F9FBF /* Preview Content */ = {
			isa = PBXGroup;
			children = (
				95FDD0462C8C5535003F9FBF /* Preview Assets.xcassets */,
			);
			path = "Preview Content";
			sourceTree = "<group>";
		};
		95FDD0502C8C5535003F9FBF /* crypto-trader-macosTests */ = {
			isa = PBXGroup;
			children = (
				95FDD0512C8C5535003F9FBF /* crypto_trader_macosTests.swift */,
			);
			path = "crypto-trader-macosTests";
			sourceTree = "<group>";
		};
		95FDD05A2C8C5535003F9FBF /* crypto-trader-macosUITests */ = {
			isa = PBXGroup;
			children = (
				95FDD05B2C8C5535003F9FBF /* crypto_trader_macosUITests.swift */,
				95FDD05D2C8C5535003F9FBF /* crypto_trader_macosUITestsLaunchTests.swift */,
			);
			path = "crypto-trader-macosUITests";
			sourceTree = "<group>";
		};
		95FDD06A2C8C5690003F9FBF /* Resources */ = {
			isa = PBXGroup;
			children = (
				95FDD0432C8C5535003F9FBF /* Assets.xcassets */,
				95FDD0482C8C5535003F9FBF /* crypto_trader_macos.entitlements */,
			);
			path = Resources;
			sourceTree = "<group>";
		};
		95FDD06B2C8C57EE003F9FBF /* Model */ = {
			isa = PBXGroup;
			children = (
				95ABB5E62C9EE29E00717C16 /* DataModel.pb.swift */,
				951D6FB12C93FE640043DFBB /* Account.swift */,
				956EC9A82C8EE38000165FC5 /* Candle.swift */,
				95FDD06C2C8C5801003F9FBF /* Crypto.swift */,
				951D6FB32C93FE6B0043DFBB /* CryptoAssets.swift */,
				9577E3842C99AAD5006E6CDA /* OrderInfo.swift */,
				958677A12C8D9C6D002C83F4 /* Ticker.swift */,
				951D6FAF2C93FD790043DFBB /* User.swift */,
			);
			path = Model;
			sourceTree = "<group>";
		};
		95FDD06E2C8C5820003F9FBF /* ViewModel */ = {
			isa = PBXGroup;
			children = (
				956EC9A62C8EDD3900165FC5 /* CandleViewModel.swift */,
				952E241C2C92D56400B8EAC1 /* OrderViewModel.swift */,
				952E241A2C92C5DD00B8EAC1 /* SearchViewModel.swift */,
				95FDD06F2C8C5834003F9FBF /* CryptoViewModel.swift */,
				951D6FAA2C93FC880043DFBB /* UserViewModel.swift */,
			);
			path = ViewModel;
			sourceTree = "<group>";
		};
		95FDD0712C8C58A2003F9FBF /* Views */ = {
			isa = PBXGroup;
			children = (
				95217F1C2C9C2E110070EFF4 /* Chart */,
				952E24202C92D88200B8EAC1 /* Component */,
				9577E3802C99AA33006E6CDA /* Portfolio */,
				9577E3812C99AA52006E6CDA /* Trading */,
			);
			path = Views;
			sourceTree = "<group>";
		};
		95FDD07F2C8C8BE4003F9FBF /* Extensions */ = {
			isa = PBXGroup;
			children = (
				95FDD0802C8C8BEE003F9FBF /* Color.swift */,
				95DD18672C92A8FD0083F531 /* Comparable.swift */,
				952E24292C92DC4000B8EAC1 /* Double.swift */,
				95ABB5D92C9D543A00717C16 /* View.swift */,
			);
			path = Extensions;
			sourceTree = "<group>";
		};
/* End PBXGroup section */

/* Begin PBXNativeTarget section */
		95FDD03B2C8C5534003F9FBF /* crypto-trader-macos */ = {
			isa = PBXNativeTarget;
			buildConfigurationList = 95FDD0612C8C5535003F9FBF /* Build configuration list for PBXNativeTarget "crypto-trader-macos" */;
			buildPhases = (
				95FDD0382C8C5534003F9FBF /* Sources */,
				95FDD0392C8C5534003F9FBF /* Frameworks */,
				95FDD03A2C8C5534003F9FBF /* Resources */,
			);
			buildRules = (
			);
			dependencies = (
			);
			name = "crypto-trader-macos";
			packageProductDependencies = (
				95217F1A2C9C0F920070EFF4 /* DGCharts */,
				95ABB5DC2C9EC24C00717C16 /* SwiftProtobuf */,
				95ABB5DE2C9EC24C00717C16 /* SwiftProtobufPluginLibrary */,
				95ABB5E02C9EC24C00717C16 /* protoc-gen-swift */,
			);
			productName = "crypto-trader-macos";
			productReference = 95FDD03C2C8C5534003F9FBF /* crypto-trader-macos.app */;
			productType = "com.apple.product-type.application";
		};
		95FDD04C2C8C5535003F9FBF /* crypto-trader-macosTests */ = {
			isa = PBXNativeTarget;
			buildConfigurationList = 95FDD0642C8C5535003F9FBF /* Build configuration list for PBXNativeTarget "crypto-trader-macosTests" */;
			buildPhases = (
				95FDD0492C8C5535003F9FBF /* Sources */,
				95FDD04A2C8C5535003F9FBF /* Frameworks */,
				95FDD04B2C8C5535003F9FBF /* Resources */,
			);
			buildRules = (
			);
			dependencies = (
				95FDD04F2C8C5535003F9FBF /* PBXTargetDependency */,
			);
			name = "crypto-trader-macosTests";
			productName = "crypto-trader-macosTests";
			productReference = 95FDD04D2C8C5535003F9FBF /* crypto-trader-macosTests.xctest */;
			productType = "com.apple.product-type.bundle.unit-test";
		};
		95FDD0562C8C5535003F9FBF /* crypto-trader-macosUITests */ = {
			isa = PBXNativeTarget;
			buildConfigurationList = 95FDD0672C8C5535003F9FBF /* Build configuration list for PBXNativeTarget "crypto-trader-macosUITests" */;
			buildPhases = (
				95FDD0532C8C5535003F9FBF /* Sources */,
				95FDD0542C8C5535003F9FBF /* Frameworks */,
				95FDD0552C8C5535003F9FBF /* Resources */,
			);
			buildRules = (
			);
			dependencies = (
				95FDD0592C8C5535003F9FBF /* PBXTargetDependency */,
			);
			name = "crypto-trader-macosUITests";
			productName = "crypto-trader-macosUITests";
			productReference = 95FDD0572C8C5535003F9FBF /* crypto-trader-macosUITests.xctest */;
			productType = "com.apple.product-type.bundle.ui-testing";
		};
/* End PBXNativeTarget section */

/* Begin PBXProject section */
		95FDD0342C8C5534003F9FBF /* Project object */ = {
			isa = PBXProject;
			attributes = {
				BuildIndependentTargetsInParallel = 1;
				LastSwiftUpdateCheck = 1540;
				LastUpgradeCheck = 1540;
				TargetAttributes = {
					95FDD03B2C8C5534003F9FBF = {
						CreatedOnToolsVersion = 15.4;
					};
					95FDD04C2C8C5535003F9FBF = {
						CreatedOnToolsVersion = 15.4;
						TestTargetID = 95FDD03B2C8C5534003F9FBF;
					};
					95FDD0562C8C5535003F9FBF = {
						CreatedOnToolsVersion = 15.4;
						TestTargetID = 95FDD03B2C8C5534003F9FBF;
					};
				};
			};
			buildConfigurationList = 95FDD0372C8C5534003F9FBF /* Build configuration list for PBXProject "crypto-trader-macos" */;
			compatibilityVersion = "Xcode 14.0";
			developmentRegion = en;
			hasScannedForEncodings = 0;
			knownRegions = (
				en,
				Base,
			);
			mainGroup = 95FDD0332C8C5534003F9FBF;
			packageReferences = (
				95217F192C9C0F920070EFF4 /* XCRemoteSwiftPackageReference "Charts" */,
				95ABB5DB2C9EC24C00717C16 /* XCRemoteSwiftPackageReference "swift-protobuf" */,
			);
			productRefGroup = 95FDD03D2C8C5534003F9FBF /* Products */;
			projectDirPath = "";
			projectRoot = "";
			targets = (
				95FDD03B2C8C5534003F9FBF /* crypto-trader-macos */,
				95FDD04C2C8C5535003F9FBF /* crypto-trader-macosTests */,
				95FDD0562C8C5535003F9FBF /* crypto-trader-macosUITests */,
			);
		};
/* End PBXProject section */

/* Begin PBXResourcesBuildPhase section */
		95FDD03A2C8C5534003F9FBF /* Resources */ = {
			isa = PBXResourcesBuildPhase;
			buildActionMask = 2147483647;
			files = (
				95FDD0472C8C5535003F9FBF /* Preview Assets.xcassets in Resources */,
				95FDD0442C8C5535003F9FBF /* Assets.xcassets in Resources */,
			);
			runOnlyForDeploymentPostprocessing = 0;
		};
		95FDD04B2C8C5535003F9FBF /* Resources */ = {
			isa = PBXResourcesBuildPhase;
			buildActionMask = 2147483647;
			files = (
			);
			runOnlyForDeploymentPostprocessing = 0;
		};
		95FDD0552C8C5535003F9FBF /* Resources */ = {
			isa = PBXResourcesBuildPhase;
			buildActionMask = 2147483647;
			files = (
			);
			runOnlyForDeploymentPostprocessing = 0;
		};
/* End PBXResourcesBuildPhase section */

/* Begin PBXSourcesBuildPhase section */
		95FDD0382C8C5534003F9FBF /* Sources */ = {
			isa = PBXSourcesBuildPhase;
			buildActionMask = 2147483647;
			files = (
				95FDD06D2C8C5801003F9FBF /* Crypto.swift in Sources */,
				95D308992C95B0DD00AB3F99 /* DoubleTextField.swift in Sources */,
				958677A22C8D9C6D002C83F4 /* Ticker.swift in Sources */,
				952E24242C92D91900B8EAC1 /* OrderDetailView.swift in Sources */,
				95ABB5E72C9EE29E00717C16 /* DataModel.pb.swift in Sources */,
				95FDD07E2C8C69FC003F9FBF /* OrderView.swift in Sources */,
				951D6FB62C940C800043DFBB /* PortfolioView.swift in Sources */,
				952B4C082C953EFD00D33FA6 /* DonutSlice.swift in Sources */,
				952E242A2C92DC4000B8EAC1 /* Double.swift in Sources */,
				95ABB5D82C9D486400717C16 /* MouseTrackingBarChartView.swift in Sources */,
				9577E3852C99AAD5006E6CDA /* OrderInfo.swift in Sources */,
				956EC9A72C8EDD3900165FC5 /* CandleViewModel.swift in Sources */,
				95D308952C9596D000AB3F99 /* APIClient.swift in Sources */,
				9586779D2C8D825B002C83F4 /* AskPriceView.swift in Sources */,
				95FDD07A2C8C598B003F9FBF /* MainView.swift in Sources */,
				952E241B2C92C5DD00B8EAC1 /* SearchViewModel.swift in Sources */,
				95FDD0732C8C58B2003F9FBF /* TradingPriceView.swift in Sources */,
				95A62A822C97252E00941A34 /* WSEndpoint.swift in Sources */,
				95FDD0702C8C5834003F9FBF /* CryptoViewModel.swift in Sources */,
				952E241F2C92D61E00B8EAC1 /* OrderSide.swift in Sources */,
				95ABB5D62C9D483600717C16 /* MouseTrackingCandleStickChartView.swift in Sources */,
				95ABB5D42C9D426000717C16 /* ChartMouseTraker.swift in Sources */,
				95ABB5DA2C9D543A00717C16 /* View.swift in Sources */,
				956EC9AE2C8EE4AC00165FC5 /* CandleUnit.swift in Sources */,
				958677A72C8DAD8D002C83F4 /* CryptoDto.swift in Sources */,
				958677A52C8D9D9A002C83F4 /* SortedArray.swift in Sources */,
				9577E37F2C99A928006E6CDA /* OrderListView.swift in Sources */,
				952B4C0C2C95536900D33FA6 /* CryptoAssetDto.swift in Sources */,
				95D308972C95978A00AB3F99 /* APIEndpoint.swift in Sources */,
				952E241D2C92D56400B8EAC1 /* OrderViewModel.swift in Sources */,
				95217F1E2C9C2E300070EFF4 /* BarChartRepresentable.swift in Sources */,
				95D3089D2C95B95800AB3F99 /* OrderCreateDto.swift in Sources */,
				95FDD0402C8C5534003F9FBF /* crypto_trader_macosApp.swift in Sources */,
				9577E37D2C99A90C006E6CDA /* AssetListView.swift in Sources */,
				95DD18682C92A8FD0083F531 /* Comparable.swift in Sources */,
				956EC9AB2C8EE47C00165FC5 /* CandleRequestDto.swift in Sources */,
				951D6FB42C93FE6B0043DFBB /* CryptoAssets.swift in Sources */,
				9577E3772C99A3CE006E6CDA /* TabButton.swift in Sources */,
				952E24222C92D89200B8EAC1 /* RadioButton.swift in Sources */,
				9586779F2C8D9139002C83F4 /* WSClient.swift in Sources */,
				95D3089B2C95B36E00AB3F99 /* PriceStepperView.swift in Sources */,
				95ABB5D22C9D41BD00717C16 /* MinuteXAxisFormatter.swift in Sources */,
				952E24262C92DB3C00B8EAC1 /* OrderType.swift in Sources */,
				951D6FB22C93FE640043DFBB /* Account.swift in Sources */,
				95FDD07C2C8C599D003F9FBF /* CryptoListView.swift in Sources */,
				956EC9A92C8EE38000165FC5 /* Candle.swift in Sources */,
				951D6FAB2C93FC880043DFBB /* UserViewModel.swift in Sources */,
				95ABB5CE2C9D3A0E00717C16 /* CenteredTextFieldCell.swift in Sources */,
				951D6FB02C93FD790043DFBB /* User.swift in Sources */,
				9577E37B2C99A67C006E6CDA /* ChartView.swift in Sources */,
				95217F182C9C0F780070EFF4 /* CandleChartRepresentable.swift in Sources */,
				952B4C0A2C95527400D33FA6 /* UserInfo.swift in Sources */,
				95FDD0812C8C8BEE003F9FBF /* Color.swift in Sources */,
				9577E3792C99A5B8006E6CDA /* Const.swift in Sources */,
				95BAED3E2CAD2D75009D3348 /* CandlesInfo.swift in Sources */,
			);
			runOnlyForDeploymentPostprocessing = 0;
		};
		95FDD0492C8C5535003F9FBF /* Sources */ = {
			isa = PBXSourcesBuildPhase;
			buildActionMask = 2147483647;
			files = (
				95FDD0522C8C5535003F9FBF /* crypto_trader_macosTests.swift in Sources */,
			);
			runOnlyForDeploymentPostprocessing = 0;
		};
		95FDD0532C8C5535003F9FBF /* Sources */ = {
			isa = PBXSourcesBuildPhase;
			buildActionMask = 2147483647;
			files = (
				95FDD05C2C8C5535003F9FBF /* crypto_trader_macosUITests.swift in Sources */,
				95FDD05E2C8C5535003F9FBF /* crypto_trader_macosUITestsLaunchTests.swift in Sources */,
			);
			runOnlyForDeploymentPostprocessing = 0;
		};
/* End PBXSourcesBuildPhase section */

/* Begin PBXTargetDependency section */
		95FDD04F2C8C5535003F9FBF /* PBXTargetDependency */ = {
			isa = PBXTargetDependency;
			target = 95FDD03B2C8C5534003F9FBF /* crypto-trader-macos */;
			targetProxy = 95FDD04E2C8C5535003F9FBF /* PBXContainerItemProxy */;
		};
		95FDD0592C8C5535003F9FBF /* PBXTargetDependency */ = {
			isa = PBXTargetDependency;
			target = 95FDD03B2C8C5534003F9FBF /* crypto-trader-macos */;
			targetProxy = 95FDD0582C8C5535003F9FBF /* PBXContainerItemProxy */;
		};
/* End PBXTargetDependency section */

/* Begin XCBuildConfiguration section */
		95FDD05F2C8C5535003F9FBF /* Debug */ = {
			isa = XCBuildConfiguration;
			buildSettings = {
				ALWAYS_SEARCH_USER_PATHS = NO;
				ASSETCATALOG_COMPILER_GENERATE_SWIFT_ASSET_SYMBOL_EXTENSIONS = YES;
				CLANG_ANALYZER_NONNULL = YES;
				CLANG_ANALYZER_NUMBER_OBJECT_CONVERSION = YES_AGGRESSIVE;
				CLANG_CXX_LANGUAGE_STANDARD = "gnu++20";
				CLANG_ENABLE_MODULES = YES;
				CLANG_ENABLE_OBJC_ARC = YES;
				CLANG_ENABLE_OBJC_WEAK = YES;
				CLANG_WARN_BLOCK_CAPTURE_AUTORELEASING = YES;
				CLANG_WARN_BOOL_CONVERSION = YES;
				CLANG_WARN_COMMA = YES;
				CLANG_WARN_CONSTANT_CONVERSION = YES;
				CLANG_WARN_DEPRECATED_OBJC_IMPLEMENTATIONS = YES;
				CLANG_WARN_DIRECT_OBJC_ISA_USAGE = YES_ERROR;
				CLANG_WARN_DOCUMENTATION_COMMENTS = YES;
				CLANG_WARN_EMPTY_BODY = YES;
				CLANG_WARN_ENUM_CONVERSION = YES;
				CLANG_WARN_INFINITE_RECURSION = YES;
				CLANG_WARN_INT_CONVERSION = YES;
				CLANG_WARN_NON_LITERAL_NULL_CONVERSION = YES;
				CLANG_WARN_OBJC_IMPLICIT_RETAIN_SELF = YES;
				CLANG_WARN_OBJC_LITERAL_CONVERSION = YES;
				CLANG_WARN_OBJC_ROOT_CLASS = YES_ERROR;
				CLANG_WARN_QUOTED_INCLUDE_IN_FRAMEWORK_HEADER = YES;
				CLANG_WARN_RANGE_LOOP_ANALYSIS = YES;
				CLANG_WARN_STRICT_PROTOTYPES = YES;
				CLANG_WARN_SUSPICIOUS_MOVE = YES;
				CLANG_WARN_UNGUARDED_AVAILABILITY = YES_AGGRESSIVE;
				CLANG_WARN_UNREACHABLE_CODE = YES;
				CLANG_WARN__DUPLICATE_METHOD_MATCH = YES;
				COPY_PHASE_STRIP = NO;
				DEBUG_INFORMATION_FORMAT = dwarf;
				ENABLE_STRICT_OBJC_MSGSEND = YES;
				ENABLE_TESTABILITY = YES;
				ENABLE_USER_SCRIPT_SANDBOXING = YES;
				GCC_C_LANGUAGE_STANDARD = gnu17;
				GCC_DYNAMIC_NO_PIC = NO;
				GCC_NO_COMMON_BLOCKS = YES;
				GCC_OPTIMIZATION_LEVEL = 0;
				GCC_PREPROCESSOR_DEFINITIONS = (
					"DEBUG=1",
					"$(inherited)",
				);
				GCC_WARN_64_TO_32_BIT_CONVERSION = YES;
				GCC_WARN_ABOUT_RETURN_TYPE = YES_ERROR;
				GCC_WARN_UNDECLARED_SELECTOR = YES;
				GCC_WARN_UNINITIALIZED_AUTOS = YES_AGGRESSIVE;
				GCC_WARN_UNUSED_FUNCTION = YES;
				GCC_WARN_UNUSED_VARIABLE = YES;
				LOCALIZATION_PREFERS_STRING_CATALOGS = YES;
				MACOSX_DEPLOYMENT_TARGET = 14.5;
				MTL_ENABLE_DEBUG_INFO = INCLUDE_SOURCE;
				MTL_FAST_MATH = YES;
				ONLY_ACTIVE_ARCH = YES;
				SDKROOT = macosx;
				SWIFT_ACTIVE_COMPILATION_CONDITIONS = "DEBUG $(inherited)";
				SWIFT_OPTIMIZATION_LEVEL = "-Onone";
			};
			name = Debug;
		};
		95FDD0602C8C5535003F9FBF /* Release */ = {
			isa = XCBuildConfiguration;
			buildSettings = {
				ALWAYS_SEARCH_USER_PATHS = NO;
				ASSETCATALOG_COMPILER_GENERATE_SWIFT_ASSET_SYMBOL_EXTENSIONS = YES;
				CLANG_ANALYZER_NONNULL = YES;
				CLANG_ANALYZER_NUMBER_OBJECT_CONVERSION = YES_AGGRESSIVE;
				CLANG_CXX_LANGUAGE_STANDARD = "gnu++20";
				CLANG_ENABLE_MODULES = YES;
				CLANG_ENABLE_OBJC_ARC = YES;
				CLANG_ENABLE_OBJC_WEAK = YES;
				CLANG_WARN_BLOCK_CAPTURE_AUTORELEASING = YES;
				CLANG_WARN_BOOL_CONVERSION = YES;
				CLANG_WARN_COMMA = YES;
				CLANG_WARN_CONSTANT_CONVERSION = YES;
				CLANG_WARN_DEPRECATED_OBJC_IMPLEMENTATIONS = YES;
				CLANG_WARN_DIRECT_OBJC_ISA_USAGE = YES_ERROR;
				CLANG_WARN_DOCUMENTATION_COMMENTS = YES;
				CLANG_WARN_EMPTY_BODY = YES;
				CLANG_WARN_ENUM_CONVERSION = YES;
				CLANG_WARN_INFINITE_RECURSION = YES;
				CLANG_WARN_INT_CONVERSION = YES;
				CLANG_WARN_NON_LITERAL_NULL_CONVERSION = YES;
				CLANG_WARN_OBJC_IMPLICIT_RETAIN_SELF = YES;
				CLANG_WARN_OBJC_LITERAL_CONVERSION = YES;
				CLANG_WARN_OBJC_ROOT_CLASS = YES_ERROR;
				CLANG_WARN_QUOTED_INCLUDE_IN_FRAMEWORK_HEADER = YES;
				CLANG_WARN_RANGE_LOOP_ANALYSIS = YES;
				CLANG_WARN_STRICT_PROTOTYPES = YES;
				CLANG_WARN_SUSPICIOUS_MOVE = YES;
				CLANG_WARN_UNGUARDED_AVAILABILITY = YES_AGGRESSIVE;
				CLANG_WARN_UNREACHABLE_CODE = YES;
				CLANG_WARN__DUPLICATE_METHOD_MATCH = YES;
				COPY_PHASE_STRIP = NO;
				DEBUG_INFORMATION_FORMAT = "dwarf-with-dsym";
				ENABLE_NS_ASSERTIONS = NO;
				ENABLE_STRICT_OBJC_MSGSEND = YES;
				ENABLE_USER_SCRIPT_SANDBOXING = YES;
				GCC_C_LANGUAGE_STANDARD = gnu17;
				GCC_NO_COMMON_BLOCKS = YES;
				GCC_WARN_64_TO_32_BIT_CONVERSION = YES;
				GCC_WARN_ABOUT_RETURN_TYPE = YES_ERROR;
				GCC_WARN_UNDECLARED_SELECTOR = YES;
				GCC_WARN_UNINITIALIZED_AUTOS = YES_AGGRESSIVE;
				GCC_WARN_UNUSED_FUNCTION = YES;
				GCC_WARN_UNUSED_VARIABLE = YES;
				LOCALIZATION_PREFERS_STRING_CATALOGS = YES;
				MACOSX_DEPLOYMENT_TARGET = 14.5;
				MTL_ENABLE_DEBUG_INFO = NO;
				MTL_FAST_MATH = YES;
				SDKROOT = macosx;
				SWIFT_COMPILATION_MODE = wholemodule;
			};
			name = Release;
		};
		95FDD0622C8C5535003F9FBF /* Debug */ = {
			isa = XCBuildConfiguration;
			buildSettings = {
				ASSETCATALOG_COMPILER_APPICON_NAME = AppIcon;
				ASSETCATALOG_COMPILER_GLOBAL_ACCENT_COLOR_NAME = AccentColor;
				CODE_SIGN_ENTITLEMENTS = Resources/crypto_trader_macos.entitlements;
				CODE_SIGN_STYLE = Automatic;
				COMBINE_HIDPI_IMAGES = YES;
				CURRENT_PROJECT_VERSION = 1;
				DEVELOPMENT_ASSET_PATHS = "\"Sources/Preview Content\"";
				DEVELOPMENT_TEAM = 86U3H5TA68;
				ENABLE_HARDENED_RUNTIME = YES;
				ENABLE_PREVIEWS = YES;
				GENERATE_INFOPLIST_FILE = YES;
				INFOPLIST_FILE = "crypto-trader-macos-Info.plist";
				INFOPLIST_KEY_NSHumanReadableCopyright = "";
				LD_RUNPATH_SEARCH_PATHS = (
					"$(inherited)",
					"@executable_path/../Frameworks",
				);
				MARKETING_VERSION = 1.0;
				PRODUCT_BUNDLE_IDENTIFIER = "bk.crypto-trader-macos";
				PRODUCT_NAME = "$(TARGET_NAME)";
				SWIFT_EMIT_LOC_STRINGS = YES;
				SWIFT_VERSION = 5.0;
			};
			name = Debug;
		};
		95FDD0632C8C5535003F9FBF /* Release */ = {
			isa = XCBuildConfiguration;
			buildSettings = {
				ASSETCATALOG_COMPILER_APPICON_NAME = AppIcon;
				ASSETCATALOG_COMPILER_GLOBAL_ACCENT_COLOR_NAME = AccentColor;
				CODE_SIGN_ENTITLEMENTS = Resources/crypto_trader_macos.entitlements;
				CODE_SIGN_STYLE = Automatic;
				COMBINE_HIDPI_IMAGES = YES;
				CURRENT_PROJECT_VERSION = 1;
				DEVELOPMENT_ASSET_PATHS = "\"Sources/Preview Content\"";
				DEVELOPMENT_TEAM = 86U3H5TA68;
				ENABLE_HARDENED_RUNTIME = YES;
				ENABLE_PREVIEWS = YES;
				GENERATE_INFOPLIST_FILE = YES;
				INFOPLIST_FILE = "crypto-trader-macos-Info.plist";
				INFOPLIST_KEY_NSHumanReadableCopyright = "";
				LD_RUNPATH_SEARCH_PATHS = (
					"$(inherited)",
					"@executable_path/../Frameworks",
				);
				MARKETING_VERSION = 1.0;
				PRODUCT_BUNDLE_IDENTIFIER = "bk.crypto-trader-macos";
				PRODUCT_NAME = "$(TARGET_NAME)";
				SWIFT_EMIT_LOC_STRINGS = YES;
				SWIFT_VERSION = 5.0;
			};
			name = Release;
		};
		95FDD0652C8C5535003F9FBF /* Debug */ = {
			isa = XCBuildConfiguration;
			buildSettings = {
				ALWAYS_EMBED_SWIFT_STANDARD_LIBRARIES = YES;
				BUNDLE_LOADER = "$(TEST_HOST)";
				CODE_SIGN_STYLE = Automatic;
				CURRENT_PROJECT_VERSION = 1;
				DEVELOPMENT_TEAM = 86U3H5TA68;
				GENERATE_INFOPLIST_FILE = YES;
				MACOSX_DEPLOYMENT_TARGET = 14.5;
				MARKETING_VERSION = 1.0;
				PRODUCT_BUNDLE_IDENTIFIER = "bk.crypto-trader-macosTests";
				PRODUCT_NAME = "$(TARGET_NAME)";
				SWIFT_EMIT_LOC_STRINGS = NO;
				SWIFT_VERSION = 5.0;
				TEST_HOST = "$(BUILT_PRODUCTS_DIR)/crypto-trader-macos.app/$(BUNDLE_EXECUTABLE_FOLDER_PATH)/crypto-trader-macos";
			};
			name = Debug;
		};
		95FDD0662C8C5535003F9FBF /* Release */ = {
			isa = XCBuildConfiguration;
			buildSettings = {
				ALWAYS_EMBED_SWIFT_STANDARD_LIBRARIES = YES;
				BUNDLE_LOADER = "$(TEST_HOST)";
				CODE_SIGN_STYLE = Automatic;
				CURRENT_PROJECT_VERSION = 1;
				DEVELOPMENT_TEAM = 86U3H5TA68;
				GENERATE_INFOPLIST_FILE = YES;
				MACOSX_DEPLOYMENT_TARGET = 14.5;
				MARKETING_VERSION = 1.0;
				PRODUCT_BUNDLE_IDENTIFIER = "bk.crypto-trader-macosTests";
				PRODUCT_NAME = "$(TARGET_NAME)";
				SWIFT_EMIT_LOC_STRINGS = NO;
				SWIFT_VERSION = 5.0;
				TEST_HOST = "$(BUILT_PRODUCTS_DIR)/crypto-trader-macos.app/$(BUNDLE_EXECUTABLE_FOLDER_PATH)/crypto-trader-macos";
			};
			name = Release;
		};
		95FDD0682C8C5535003F9FBF /* Debug */ = {
			isa = XCBuildConfiguration;
			buildSettings = {
				ALWAYS_EMBED_SWIFT_STANDARD_LIBRARIES = YES;
				CODE_SIGN_STYLE = Automatic;
				CURRENT_PROJECT_VERSION = 1;
				DEVELOPMENT_TEAM = 86U3H5TA68;
				GENERATE_INFOPLIST_FILE = YES;
				MARKETING_VERSION = 1.0;
				PRODUCT_BUNDLE_IDENTIFIER = "bk.crypto-trader-macosUITests";
				PRODUCT_NAME = "$(TARGET_NAME)";
				SWIFT_EMIT_LOC_STRINGS = NO;
				SWIFT_VERSION = 5.0;
				TEST_TARGET_NAME = "crypto-trader-macos";
			};
			name = Debug;
		};
		95FDD0692C8C5535003F9FBF /* Release */ = {
			isa = XCBuildConfiguration;
			buildSettings = {
				ALWAYS_EMBED_SWIFT_STANDARD_LIBRARIES = YES;
				CODE_SIGN_STYLE = Automatic;
				CURRENT_PROJECT_VERSION = 1;
				DEVELOPMENT_TEAM = 86U3H5TA68;
				GENERATE_INFOPLIST_FILE = YES;
				MARKETING_VERSION = 1.0;
				PRODUCT_BUNDLE_IDENTIFIER = "bk.crypto-trader-macosUITests";
				PRODUCT_NAME = "$(TARGET_NAME)";
				SWIFT_EMIT_LOC_STRINGS = NO;
				SWIFT_VERSION = 5.0;
				TEST_TARGET_NAME = "crypto-trader-macos";
			};
			name = Release;
		};
/* End XCBuildConfiguration section */

/* Begin XCConfigurationList section */
		95FDD0372C8C5534003F9FBF /* Build configuration list for PBXProject "crypto-trader-macos" */ = {
			isa = XCConfigurationList;
			buildConfigurations = (
				95FDD05F2C8C5535003F9FBF /* Debug */,
				95FDD0602C8C5535003F9FBF /* Release */,
			);
			defaultConfigurationIsVisible = 0;
			defaultConfigurationName = Release;
		};
		95FDD0612C8C5535003F9FBF /* Build configuration list for PBXNativeTarget "crypto-trader-macos" */ = {
			isa = XCConfigurationList;
			buildConfigurations = (
				95FDD0622C8C5535003F9FBF /* Debug */,
				95FDD0632C8C5535003F9FBF /* Release */,
			);
			defaultConfigurationIsVisible = 0;
			defaultConfigurationName = Release;
		};
		95FDD0642C8C5535003F9FBF /* Build configuration list for PBXNativeTarget "crypto-trader-macosTests" */ = {
			isa = XCConfigurationList;
			buildConfigurations = (
				95FDD0652C8C5535003F9FBF /* Debug */,
				95FDD0662C8C5535003F9FBF /* Release */,
			);
			defaultConfigurationIsVisible = 0;
			defaultConfigurationName = Release;
		};
		95FDD0672C8C5535003F9FBF /* Build configuration list for PBXNativeTarget "crypto-trader-macosUITests" */ = {
			isa = XCConfigurationList;
			buildConfigurations = (
				95FDD0682C8C5535003F9FBF /* Debug */,
				95FDD0692C8C5535003F9FBF /* Release */,
			);
			defaultConfigurationIsVisible = 0;
			defaultConfigurationName = Release;
		};
/* End XCConfigurationList section */

/* Begin XCRemoteSwiftPackageReference section */
		95217F192C9C0F920070EFF4 /* XCRemoteSwiftPackageReference "Charts" */ = {
			isa = XCRemoteSwiftPackageReference;
			repositoryURL = "https://github.com/danielgindi/Charts.git";
			requirement = {
				kind = upToNextMajorVersion;
				minimumVersion = 5.1.0;
			};
		};
		95ABB5DB2C9EC24C00717C16 /* XCRemoteSwiftPackageReference "swift-protobuf" */ = {
			isa = XCRemoteSwiftPackageReference;
			repositoryURL = "https://github.com/apple/swift-protobuf.git";
			requirement = {
				kind = upToNextMajorVersion;
				minimumVersion = 1.28.1;
			};
		};
/* End XCRemoteSwiftPackageReference section */

/* Begin XCSwiftPackageProductDependency section */
		95217F1A2C9C0F920070EFF4 /* DGCharts */ = {
			isa = XCSwiftPackageProductDependency;
			package = 95217F192C9C0F920070EFF4 /* XCRemoteSwiftPackageReference "Charts" */;
			productName = DGCharts;
		};
		95ABB5DC2C9EC24C00717C16 /* SwiftProtobuf */ = {
			isa = XCSwiftPackageProductDependency;
			package = 95ABB5DB2C9EC24C00717C16 /* XCRemoteSwiftPackageReference "swift-protobuf" */;
			productName = SwiftProtobuf;
		};
		95ABB5DE2C9EC24C00717C16 /* SwiftProtobufPluginLibrary */ = {
			isa = XCSwiftPackageProductDependency;
			package = 95ABB5DB2C9EC24C00717C16 /* XCRemoteSwiftPackageReference "swift-protobuf" */;
			productName = SwiftProtobufPluginLibrary;
		};
		95ABB5E02C9EC24C00717C16 /* protoc-gen-swift */ = {
			isa = XCSwiftPackageProductDependency;
			package = 95ABB5DB2C9EC24C00717C16 /* XCRemoteSwiftPackageReference "swift-protobuf" */;
			productName = "protoc-gen-swift";
		};
/* End XCSwiftPackageProductDependency section */
	};
	rootObject = 95FDD0342C8C5534003F9FBF /* Project object */;
}
